
Microsoft Visual Studio Solution File, Format Version 12.00
# Visual Studio Version 17
VisualStudioVersion = 17.8.34309.116
MinimumVisualStudioVersion = 10.0.40219.1
Project("{9A19103F-16F7-4668-BE54-9A1E7A4F7556}") = "AlgorithmDLX", "AlgorithmDLX\AlgorithmDLX.csproj", "{11E72587-1986-423C-A4ED-56EBE61F369D}"
EndProject
Project("{9A19103F-16F7-4668-BE54-9A1E7A4F7556}") = "AlgorithmDLX.UnitTest", "AlgorithmDLX.UnitTest\AlgorithmDLX.UnitTest.csproj", "{1BEB5E8A-DA5C-4355-BCFF-59DDBB8E2249}"
EndProject
Global
	GlobalSection(SolutionConfigurationPlatforms) = preSolution
		Debug|Any CPU = Debug|Any CPU
		Release|Any CPU = Release|Any CPU
	EndGlobalSection
	GlobalSection(ProjectConfigurationPlatforms) = postSolution
		{11E72587-1986-423C-A4ED-56EBE61F369D}.Debug|Any CPU.ActiveCfg = Debug|Any CPU
		{11E72587-1986-423C-A4ED-56EBE61F369D}.Debug|Any CPU.Build.0 = Debug|Any CPU
		{11E72587-1986-423C-A4ED-56EBE61F369D}.Release|Any CPU.ActiveCfg = Release|Any CPU
		{11E72587-1986-423C-A4ED-56EBE61F369D}.Release|Any CPU.Build.0 = Release|Any CPU
		{1BEB5E8A-DA5C-4355-BCFF-59DDBB8E2249}.Debug|Any CPU.ActiveCfg = Debug|Any CPU
		{1BEB5E8A-DA5C-4355-BCFF-59DDBB8E2249}.Debug|Any CPU.Build.0 = Debug|Any CPU
		{1BEB5E8A-DA5C-4355-BCFF-59DDBB8E2249}.Release|Any CPU.ActiveCfg = Release|Any CPU
		{1BEB5E8A-DA5C-4355-BCFF-59DDBB8E2249}.Release|Any CPU.Build.0 = Release|Any CPU
	EndGlobalSection
	GlobalSection(SolutionProperties) = preSolution
		HideSolutionNode = FALSE
	EndGlobalSection
	GlobalSection(ExtensibilityGlobals) = postSolution
		SolutionGuid = {2170A55F-7595-4C00-AA0A-36B2F90F10FB}
	EndGlobalSection
EndGlobal
